// !$*UTF8*$!
{
	archiveVersion = 1;
	classes = {
	};
	objectVersion = 50;
	objects = {

/* Begin PBXBuildFile section */
		90B42AC2211BAC780094E6A0 /* AppDelegate.swift in Sources */ = {isa = PBXBuildFile; fileRef = 90B42AC1211BAC780094E6A0 /* AppDelegate.swift */; };
		90B42AC4211BAC780094E6A0 /* art.scnassets in Resources */ = {isa = PBXBuildFile; fileRef = 90B42AC3211BAC780094E6A0 /* art.scnassets */; };
		90B42AC6211BAC780094E6A0 /* ViewController.swift in Sources */ = {isa = PBXBuildFile; fileRef = 90B42AC5211BAC780094E6A0 /* ViewController.swift */; };
		90B42AC9211BAC780094E6A0 /* Main.storyboard in Resources */ = {isa = PBXBuildFile; fileRef = 90B42AC7211BAC780094E6A0 /* Main.storyboard */; };
		90B42ACB211BAC7A0094E6A0 /* Assets.xcassets in Resources */ = {isa = PBXBuildFile; fileRef = 90B42ACA211BAC7A0094E6A0 /* Assets.xcassets */; };
		90B42ACE211BAC7A0094E6A0 /* LaunchScreen.storyboard in Resources */ = {isa = PBXBuildFile; fileRef = 90B42ACC211BAC7A0094E6A0 /* LaunchScreen.storyboard */; };
		90B42AD9211BAC7A0094E6A0 /* ThrowToHatTests.swift in Sources */ = {isa = PBXBuildFile; fileRef = 90B42AD8211BAC7A0094E6A0 /* ThrowToHatTests.swift */; };
		90B42AE4211BAC7A0094E6A0 /* ThrowToHatUITests.swift in Sources */ = {isa = PBXBuildFile; fileRef = 90B42AE3211BAC7A0094E6A0 /* ThrowToHatUITests.swift */; };
/* End PBXBuildFile section */

/* Begin PBXContainerItemProxy section */
		90B42AD5211BAC7A0094E6A0 /* PBXContainerItemProxy */ = {
			isa = PBXContainerItemProxy;
			containerPortal = 90B42AB6211BAC780094E6A0 /* Project object */;
			proxyType = 1;
			remoteGlobalIDString = 90B42ABD211BAC780094E6A0;
			remoteInfo = ThrowToHat;
		};
		90B42AE0211BAC7A0094E6A0 /* PBXContainerItemProxy */ = {
			isa = PBXContainerItemProxy;
			containerPortal = 90B42AB6211BAC780094E6A0 /* Project object */;
			proxyType = 1;
			remoteGlobalIDString = 90B42ABD211BAC780094E6A0;
			remoteInfo = ThrowToHat;
		};
/* End PBXContainerItemProxy section */

/* Begin PBXFileReference section */
		90B42ABE211BAC780094E6A0 /* ThrowToHat.app */ = {isa = PBXFileReference; explicitFileType = wrapper.application; includeInIndex = 0; path = ThrowToHat.app; sourceTree = BUILT_PRODUCTS_DIR; };
		90B42AC1211BAC780094E6A0 /* AppDelegate.swift */ = {isa = PBXFileReference; lastKnownFileType = sourcecode.swift; path = AppDelegate.swift; sourceTree = "<group>"; };
		90B42AC3211BAC780094E6A0 /* art.scnassets */ = {isa = PBXFileReference; lastKnownFileType = wrapper.scnassets; path = art.scnassets; sourceTree = "<group>"; };
		90B42AC5211BAC780094E6A0 /* ViewController.swift */ = {isa = PBXFileReference; lastKnownFileType = sourcecode.swift; path = ViewController.swift; sourceTree = "<group>"; };
		90B42AC8211BAC780094E6A0 /* Base */ = {isa = PBXFileReference; lastKnownFileType = file.storyboard; name = Base; path = Base.lproj/Main.storyboard; sourceTree = "<group>"; };
		90B42ACA211BAC7A0094E6A0 /* Assets.xcassets */ = {isa = PBXFileReference; lastKnownFileType = folder.assetcatalog; path = Assets.xcassets; sourceTree = "<group>"; };
		90B42ACD211BAC7A0094E6A0 /* Base */ = {isa = PBXFileReference; lastKnownFileType = file.storyboard; name = Base; path = Base.lproj/LaunchScreen.storyboard; sourceTree = "<group>"; };
		90B42ACF211BAC7A0094E6A0 /* Info.plist */ = {isa = PBXFileReference; lastKnownFileType = text.plist.xml; path = Info.plist; sourceTree = "<group>"; };
		90B42AD4211BAC7A0094E6A0 /* ThrowToHatTests.xctest */ = {isa = PBXFileReference; explicitFileType = wrapper.cfbundle; includeInIndex = 0; path = ThrowToHatTests.xctest; sourceTree = BUILT_PRODUCTS_DIR; };
		90B42AD8211BAC7A0094E6A0 /* ThrowToHatTests.swift */ = {isa = PBXFileReference; lastKnownFileType = sourcecode.swift; path = ThrowToHatTests.swift; sourceTree = "<group>"; };
		90B42ADA211BAC7A0094E6A0 /* Info.plist */ = {isa = PBXFileReference; lastKnownFileType = text.plist.xml; path = Info.plist; sourceTree = "<group>"; };
		90B42ADF211BAC7A0094E6A0 /* ThrowToHatUITests.xctest */ = {isa = PBXFileReference; explicitFileType = wrapper.cfbundle; includeInIndex = 0; path = ThrowToHatUITests.xctest; sourceTree = BUILT_PRODUCTS_DIR; };
		90B42AE3211BAC7A0094E6A0 /* ThrowToHatUITests.swift */ = {isa = PBXFileReference; lastKnownFileType = sourcecode.swift; path = ThrowToHatUITests.swift; sourceTree = "<group>"; };
		90B42AE5211BAC7A0094E6A0 /* Info.plist */ = {isa = PBXFileReference; lastKnownFileType = text.plist.xml; path = Info.plist; sourceTree = "<group>"; };
/* End PBXFileReference section */

/* Begin PBXFrameworksBuildPhase section */
		90B42ABB211BAC780094E6A0 /* Frameworks */ = {
			isa = PBXFrameworksBuildPhase;
			buildActionMask = 2147483647;
			files = (
			);
			runOnlyForDeploymentPostprocessing = 0;
		};
		90B42AD1211BAC7A0094E6A0 /* Frameworks */ = {
			isa = PBXFrameworksBuildPhase;
			buildActionMask = 2147483647;
			files = (
			);
			runOnlyForDeploymentPostprocessing = 0;
		};
		90B42ADC211BAC7A0094E6A0 /* Frameworks */ = {
			isa = PBXFrameworksBuildPhase;
			buildActionMask = 2147483647;
			files = (
			);
			runOnlyForDeploymentPostprocessing = 0;
		};
/* End PBXFrameworksBuildPhase section */

/* Begin PBXGroup section */
		90B42AB5211BAC780094E6A0 = {
			isa = PBXGroup;
			children = (
				90B42AC0211BAC780094E6A0 /* ThrowToHat */,
				90B42AD7211BAC7A0094E6A0 /* ThrowToHatTests */,
				90B42AE2211BAC7A0094E6A0 /* ThrowToHatUITests */,
				90B42ABF211BAC780094E6A0 /* Products */,
			);
			sourceTree = "<group>";
		};
		90B42ABF211BAC780094E6A0 /* Products */ = {
			isa = PBXGroup;
			children = (
				90B42ABE211BAC780094E6A0 /* ThrowToHat.app */,
				90B42AD4211BAC7A0094E6A0 /* ThrowToHatTests.xctest */,
				90B42ADF211BAC7A0094E6A0 /* ThrowToHatUITests.xctest */,
			);
			name = Products;
			sourceTree = "<group>";
		};
		90B42AC0211BAC780094E6A0 /* ThrowToHat */ = {
			isa = PBXGroup;
			children = (
				90B42AC1211BAC780094E6A0 /* AppDelegate.swift */,
				90B42AC3211BAC780094E6A0 /* art.scnassets */,
				90B42AC5211BAC780094E6A0 /* ViewController.swift */,
				90B42AC7211BAC780094E6A0 /* Main.storyboard */,
				90B42ACA211BAC7A0094E6A0 /* Assets.xcassets */,
				90B42ACC211BAC7A0094E6A0 /* LaunchScreen.storyboard */,
				90B42ACF211BAC7A0094E6A0 /* Info.plist */,
			);
			path = ThrowToHat;
			sourceTree = "<group>";
		};
		90B42AD7211BAC7A0094E6A0 /* ThrowToHatTests */ = {
			isa = PBXGroup;
			children = (
				90B42AD8211BAC7A0094E6A0 /* ThrowToHatTests.swift */,
				90B42ADA211BAC7A0094E6A0 /* Info.plist */,
			);
			path = ThrowToHatTests;
			sourceTree = "<group>";
		};
		90B42AE2211BAC7A0094E6A0 /* ThrowToHatUITests */ = {
			isa = PBXGroup;
			children = (
				90B42AE3211BAC7A0094E6A0 /* ThrowToHatUITests.swift */,
				90B42AE5211BAC7A0094E6A0 /* Info.plist */,
			);
			path = ThrowToHatUITests;
			sourceTree = "<group>";
		};
/* End PBXGroup section */

/* Begin PBXNativeTarget section */
		90B42ABD211BAC780094E6A0 /* ThrowToHat */ = {
			isa = PBXNativeTarget;
			buildConfigurationList = 90B42AE8211BAC7A0094E6A0 /* Build configuration list for PBXNativeTarget "ThrowToHat" */;
			buildPhases = (
				90B42ABA211BAC780094E6A0 /* Sources */,
				90B42ABB211BAC780094E6A0 /* Frameworks */,
				90B42ABC211BAC780094E6A0 /* Resources */,
			);
			buildRules = (
			);
			dependencies = (
			);
			name = ThrowToHat;
			productName = ThrowToHat;
			productReference = 90B42ABE211BAC780094E6A0 /* ThrowToHat.app */;
			productType = "com.apple.product-type.application";
		};
		90B42AD3211BAC7A0094E6A0 /* ThrowToHatTests */ = {
			isa = PBXNativeTarget;
			buildConfigurationList = 90B42AEB211BAC7A0094E6A0 /* Build configuration list for PBXNativeTarget "ThrowToHatTests" */;
			buildPhases = (
				90B42AD0211BAC7A0094E6A0 /* Sources */,
				90B42AD1211BAC7A0094E6A0 /* Frameworks */,
				90B42AD2211BAC7A0094E6A0 /* Resources */,
			);
			buildRules = (
			);
			dependencies = (
				90B42AD6211BAC7A0094E6A0 /* PBXTargetDependency */,
			);
			name = ThrowToHatTests;
			productName = ThrowToHatTests;
			productReference = 90B42AD4211BAC7A0094E6A0 /* ThrowToHatTests.xctest */;
			productType = "com.apple.product-type.bundle.unit-test";
		};
		90B42ADE211BAC7A0094E6A0 /* ThrowToHatUITests */ = {
			isa = PBXNativeTarget;
			buildConfigurationList = 90B42AEE211BAC7A0094E6A0 /* Build configuration list for PBXNativeTarget "ThrowToHatUITests" */;
			buildPhases = (
				90B42ADB211BAC7A0094E6A0 /* Sources */,
				90B42ADC211BAC7A0094E6A0 /* Frameworks */,
				90B42ADD211BAC7A0094E6A0 /* Resources */,
			);
			buildRules = (
			);
			dependencies = (
				90B42AE1211BAC7A0094E6A0 /* PBXTargetDependency */,
			);
			name = ThrowToHatUITests;
			productName = ThrowToHatUITests;
			productReference = 90B42ADF211BAC7A0094E6A0 /* ThrowToHatUITests.xctest */;
			productType = "com.apple.product-type.bundle.ui-testing";
		};
/* End PBXNativeTarget section */

/* Begin PBXProject section */
		90B42AB6211BAC780094E6A0 /* Project object */ = {
			isa = PBXProject;
			attributes = {
				LastSwiftUpdateCheck = 0940;
				LastUpgradeCheck = 0940;
				ORGANIZATIONNAME = "Jae Seung Lee";
				TargetAttributes = {
					90B42ABD211BAC780094E6A0 = {
						CreatedOnToolsVersion = 9.4.1;
					};
					90B42AD3211BAC7A0094E6A0 = {
						CreatedOnToolsVersion = 9.4.1;
						TestTargetID = 90B42ABD211BAC780094E6A0;
					};
					90B42ADE211BAC7A0094E6A0 = {
						CreatedOnToolsVersion = 9.4.1;
						TestTargetID = 90B42ABD211BAC780094E6A0;
					};
				};
			};
			buildConfigurationList = 90B42AB9211BAC780094E6A0 /* Build configuration list for PBXProject "ThrowToHat" */;
			compatibilityVersion = "Xcode 9.3";
			developmentRegion = en;
			hasScannedForEncodings = 0;
			knownRegions = (
				en,
				Base,
			);
			mainGroup = 90B42AB5211BAC780094E6A0;
			productRefGroup = 90B42ABF211BAC780094E6A0 /* Products */;
			projectDirPath = "";
			projectRoot = "";
			targets = (
				90B42ABD211BAC780094E6A0 /* ThrowToHat */,
				90B42AD3211BAC7A0094E6A0 /* ThrowToHatTests */,
				90B42ADE211BAC7A0094E6A0 /* ThrowToHatUITests */,
			);
		};
/* End PBXProject section */

/* Begin PBXResourcesBuildPhase section */
		90B42ABC211BAC780094E6A0 /* Resources */ = {
			isa = PBXResourcesBuildPhase;
			buildActionMask = 2147483647;
			files = (
				90B42AC4211BAC780094E6A0 /* art.scnassets in Resources */,
				90B42ACE211BAC7A0094E6A0 /* LaunchScreen.storyboard in Resources */,
				90B42ACB211BAC7A0094E6A0 /* Assets.xcassets in Resources */,
				90B42AC9211BAC780094E6A0 /* Main.storyboard in Resources */,
			);
			runOnlyForDeploymentPostprocessing = 0;
		};
		90B42AD2211BAC7A0094E6A0 /* Resources */ = {
			isa = PBXResourcesBuildPhase;
			buildActionMask = 2147483647;
			files = (
			);
			runOnlyForDeploymentPostprocessing = 0;
		};
		90B42ADD211BAC7A0094E6A0 /* Resources */ = {
			isa = PBXResourcesBuildPhase;
			buildActionMask = 2147483647;
			files = (
			);
			runOnlyForDeploymentPostprocessing = 0;
		};
/* End PBXResourcesBuildPhase section */

/* Begin PBXSourcesBuildPhase section */
		90B42ABA211BAC780094E6A0 /* Sources */ = {
			isa = PBXSourcesBuildPhase;
			buildActionMask = 2147483647;
			files = (
				90B42AC6211BAC780094E6A0 /* ViewController.swift in Sources */,
				90B42AC2211BAC780094E6A0 /* AppDelegate.swift in Sources */,
			);
			runOnlyForDeploymentPostprocessing = 0;
		};
		90B42AD0211BAC7A0094E6A0 /* Sources */ = {
			isa = PBXSourcesBuildPhase;
			buildActionMask = 2147483647;
			files = (
				90B42AD9211BAC7A0094E6A0 /* ThrowToHatTests.swift in Sources */,
			);
			runOnlyForDeploymentPostprocessing = 0;
		};
		90B42ADB211BAC7A0094E6A0 /* Sources */ = {
			isa = PBXSourcesBuildPhase;
			buildActionMask = 2147483647;
			files = (
				90B42AE4211BAC7A0094E6A0 /* ThrowToHatUITests.swift in Sources */,
			);
			runOnlyForDeploymentPostprocessing = 0;
		};
/* End PBXSourcesBuildPhase section */

/* Begin PBXTargetDependency section */
		90B42AD6211BAC7A0094E6A0 /* PBXTargetDependency */ = {
			isa = PBXTargetDependency;
			target = 90B42ABD211BAC780094E6A0 /* ThrowToHat */;
			targetProxy = 90B42AD5211BAC7A0094E6A0 /* PBXContainerItemProxy */;
		};
		90B42AE1211BAC7A0094E6A0 /* PBXTargetDependency */ = {
			isa = PBXTargetDependency;
			target = 90B42ABD211BAC780094E6A0 /* ThrowToHat */;
			targetProxy = 90B42AE0211BAC7A0094E6A0 /* PBXContainerItemProxy */;
		};
/* End PBXTargetDependency section */

/* Begin PBXVariantGroup section */
		90B42AC7211BAC780094E6A0 /* Main.storyboard */ = {
			isa = PBXVariantGroup;
			children = (
				90B42AC8211BAC780094E6A0 /* Base */,
			);
			name = Main.storyboard;
			sourceTree = "<group>";
		};
		90B42ACC211BAC7A0094E6A0 /* LaunchScreen.storyboard */ = {
			isa = PBXVariantGroup;
			children = (
				90B42ACD211BAC7A0094E6A0 /* Base */,
			);
			name = LaunchScreen.storyboard;
			sourceTree = "<group>";
		};
/* End PBXVariantGroup section */

/* Begin XCBuildConfiguration section */
		90B42AE6211BAC7A0094E6A0 /* Debug */ = {
			isa = XCBuildConfiguration;
			buildSettings = {
				ALWAYS_SEARCH_USER_PATHS = NO;
				CLANG_ANALYZER_NONNULL = YES;
				CLANG_ANALYZER_NUMBER_OBJECT_CONVERSION = YES_AGGRESSIVE;
				CLANG_CXX_LANGUAGE_STANDARD = "gnu++14";
				CLANG_CXX_LIBRARY = "libc++";
				CLANG_ENABLE_MODULES = YES;
				CLANG_ENABLE_OBJC_ARC = YES;
				CLANG_ENABLE_OBJC_WEAK = YES;
				CLANG_WARN_BLOCK_CAPTURE_AUTORELEASING = YES;
				CLANG_WARN_BOOL_CONVERSION = YES;
				CLANG_WARN_COMMA = YES;
				CLANG_WARN_CONSTANT_CONVERSION = YES;
				CLANG_WARN_DEPRECATED_OBJC_IMPLEMENTATIONS = YES;
				CLANG_WARN_DIRECT_OBJC_ISA_USAGE = YES_ERROR;
				CLANG_WARN_DOCUMENTATION_COMMENTS = YES;
				CLANG_WARN_EMPTY_BODY = YES;
				CLANG_WARN_ENUM_CONVERSION = YES;
				CLANG_WARN_INFINITE_RECURSION = YES;
				CLANG_WARN_INT_CONVERSION = YES;
				CLANG_WARN_NON_LITERAL_NULL_CONVERSION = YES;
				CLANG_WARN_OBJC_IMPLICIT_RETAIN_SELF = YES;
				CLANG_WARN_OBJC_LITERAL_CONVERSION = YES;
				CLANG_WARN_OBJC_ROOT_CLASS = YES_ERROR;
				CLANG_WARN_RANGE_LOOP_ANALYSIS = YES;
				CLANG_WARN_STRICT_PROTOTYPES = YES;
				CLANG_WARN_SUSPICIOUS_MOVE = YES;
				CLANG_WARN_UNGUARDED_AVAILABILITY = YES_AGGRESSIVE;
				CLANG_WARN_UNREACHABLE_CODE = YES;
				CLANG_WARN__DUPLICATE_METHOD_MATCH = YES;
				CODE_SIGN_IDENTITY = "iPhone Developer";
				COPY_PHASE_STRIP = NO;
				DEBUG_INFORMATION_FORMAT = dwarf;
				ENABLE_STRICT_OBJC_MSGSEND = YES;
				ENABLE_TESTABILITY = YES;
				GCC_C_LANGUAGE_STANDARD = gnu11;
				GCC_DYNAMIC_NO_PIC = NO;
				GCC_NO_COMMON_BLOCKS = YES;
				GCC_OPTIMIZATION_LEVEL = 0;
				GCC_PREPROCESSOR_DEFINITIONS = (
					"DEBUG=1",
					"$(inherited)",
				);
				GCC_WARN_64_TO_32_BIT_CONVERSION = YES;
				GCC_WARN_ABOUT_RETURN_TYPE = YES_ERROR;
				GCC_WARN_UNDECLARED_SELECTOR = YES;
				GCC_WARN_UNINITIALIZED_AUTOS = YES_AGGRESSIVE;
				GCC_WARN_UNUSED_FUNCTION = YES;
				GCC_WARN_UNUSED_VARIABLE = YES;
				IPHONEOS_DEPLOYMENT_TARGET = 11.4;
				MTL_ENABLE_DEBUG_INFO = YES;
				ONLY_ACTIVE_ARCH = YES;
				SDKROOT = iphoneos;
				SWIFT_ACTIVE_COMPILATION_CONDITIONS = DEBUG;
				SWIFT_OPTIMIZATION_LEVEL = "-Onone";
			};
			name = Debug;
		};
		90B42AE7211BAC7A0094E6A0 /* Release */ = {
			isa = XCBuildConfiguration;
			buildSettings = {
				ALWAYS_SEARCH_USER_PATHS = NO;
				CLANG_ANALYZER_NONNULL = YES;
				CLANG_ANALYZER_NUMBER_OBJECT_CONVERSION = YES_AGGRESSIVE;
				CLANG_CXX_LANGUAGE_STANDARD = "gnu++14";
				CLANG_CXX_LIBRARY = "libc++";
				CLANG_ENABLE_MODULES = YES;
				CLANG_ENABLE_OBJC_ARC = YES;
				CLANG_ENABLE_OBJC_WEAK = YES;
				CLANG_WARN_BLOCK_CAPTURE_AUTORELEASING = YES;
				CLANG_WARN_BOOL_CONVERSION = YES;
				CLANG_WARN_COMMA = YES;
				CLANG_WARN_CONSTANT_CONVERSION = YES;
				CLANG_WARN_DEPRECATED_OBJC_IMPLEMENTATIONS = YES;
				CLANG_WARN_DIRECT_OBJC_ISA_USAGE = YES_ERROR;
				CLANG_WARN_DOCUMENTATION_COMMENTS = YES;
				CLANG_WARN_EMPTY_BODY = YES;
				CLANG_WARN_ENUM_CONVERSION = YES;
				CLANG_WARN_INFINITE_RECURSION = YES;
				CLANG_WARN_INT_CONVERSION = YES;
				CLANG_WARN_NON_LITERAL_NULL_CONVERSION = YES;
				CLANG_WARN_OBJC_IMPLICIT_RETAIN_SELF = YES;
				CLANG_WARN_OBJC_LITERAL_CONVERSION = YES;
				CLANG_WARN_OBJC_ROOT_CLASS = YES_ERROR;
				CLANG_WARN_RANGE_LOOP_ANALYSIS = YES;
				CLANG_WARN_STRICT_PROTOTYPES = YES;
				CLANG_WARN_SUSPICIOUS_MOVE = YES;
				CLANG_WARN_UNGUARDED_AVAILABILITY = YES_AGGRESSIVE;
				CLANG_WARN_UNREACHABLE_CODE = YES;
				CLANG_WARN__DUPLICATE_METHOD_MATCH = YES;
				CODE_SIGN_IDENTITY = "iPhone Developer";
				COPY_PHASE_STRIP = NO;
				DEBUG_INFORMATION_FORMAT = "dwarf-with-dsym";
				ENABLE_NS_ASSERTIONS = NO;
				ENABLE_STRICT_OBJC_MSGSEND = YES;
				GCC_C_LANGUAGE_STANDARD = gnu11;
				GCC_NO_COMMON_BLOCKS = YES;
				GCC_WARN_64_TO_32_BIT_CONVERSION = YES;
				GCC_WARN_ABOUT_RETURN_TYPE = YES_ERROR;
				GCC_WARN_UNDECLARED_SELECTOR = YES;
				GCC_WARN_UNINITIALIZED_AUTOS = YES_AGGRESSIVE;
				GCC_WARN_UNUSED_FUNCTION = YES;
				GCC_WARN_UNUSED_VARIABLE = YES;
				IPHONEOS_DEPLOYMENT_TARGET = 11.4;
				MTL_ENABLE_DEBUG_INFO = NO;
				SDKROOT = iphoneos;
				SWIFT_COMPILATION_MODE = wholemodule;
				SWIFT_OPTIMIZATION_LEVEL = "-O";
				VALIDATE_PRODUCT = YES;
			};
			name = Release;
		};
		90B42AE9211BAC7A0094E6A0 /* Debug */ = {
			isa = XCBuildConfiguration;
			buildSettings = {
				ASSETCATALOG_COMPILER_APPICON_NAME = AppIcon;
				CODE_SIGN_STYLE = Automatic;
				DEVELOPMENT_TEAM = RWVTTVMWBE;
				INFOPLIST_FILE = ThrowToHat/Info.plist;
				LD_RUNPATH_SEARCH_PATHS = (
					"$(inherited)",
					"@executable_path/Frameworks",
				);
				PRODUCT_BUNDLE_IDENTIFIER = com.resonance.jlee.ThrowToHat;
				PRODUCT_NAME = "$(TARGET_NAME)";
				SWIFT_VERSION = 4.0;
				TARGETED_DEVICE_FAMILY = "1,2";
			};
			name = Debug;
		};
		90B42AEA211BAC7A0094E6A0 /* Release */ = {
			isa = XCBuildConfiguration;
			buildSettings = {
				ASSETCATALOG_COMPILER_APPICON_NAME = AppIcon;
				CODE_SIGN_STYLE = Automatic;
				DEVELOPMENT_TEAM = RWVTTVMWBE;
				INFOPLIST_FILE = ThrowToHat/Info.plist;
				LD_RUNPATH_SEARCH_PATHS = (
					"$(inherited)",
					"@executable_path/Frameworks",
				);
				PRODUCT_BUNDLE_IDENTIFIER = com.resonance.jlee.ThrowToHat;
				PRODUCT_NAME = "$(TARGET_NAME)";
				SWIFT_VERSION = 4.0;
				TARGETED_DEVICE_FAMILY = "1,2";
			};
			name = Release;
		};
		90B42AEC211BAC7A0094E6A0 /* Debug */ = {
			isa = XCBuildConfiguration;
			buildSettings = {
				ALWAYS_EMBED_SWIFT_STANDARD_LIBRARIES = YES;
				BUNDLE_LOADER = "$(TEST_HOST)";
				CODE_SIGN_STYLE = Automatic;
				DEVELOPMENT_TEAM = RWVTTVMWBE;
				INFOPLIST_FILE = ThrowToHatTests/Info.plist;
				LD_RUNPATH_SEARCH_PATHS = (
					"$(inherited)",
					"@executable_path/Frameworks",
					"@loader_path/Frameworks",
				);
				PRODUCT_BUNDLE_IDENTIFIER = com.resonance.jlee.ThrowToHatTests;
				PRODUCT_NAME = "$(TARGET_NAME)";
				SWIFT_VERSION = 4.0;
				TARGETED_DEVICE_FAMILY = "1,2";
				TEST_HOST = "$(BUILT_PRODUCTS_DIR)/ThrowToHat.app/ThrowToHat";
			};
			name = Debug;
		};
		90B42AED211BAC7A0094E6A0 /* Release */ = {
			isa = XCBuildConfiguration;
			buildSettings = {
				ALWAYS_EMBED_SWIFT_STANDARD_LIBRARIES = YES;
				BUNDLE_LOADER = "$(TEST_HOST)";
				CODE_SIGN_STYLE = Automatic;
				DEVELOPMENT_TEAM = RWVTTVMWBE;
				INFOPLIST_FILE = ThrowToHatTests/Info.plist;
				LD_RUNPATH_SEARCH_PATHS = (
					"$(inherited)",
					"@executable_path/Frameworks",
					"@loader_path/Frameworks",
				);
				PRODUCT_BUNDLE_IDENTIFIER = com.resonance.jlee.ThrowToHatTests;
				PRODUCT_NAME = "$(TARGET_NAME)";
				SWIFT_VERSION = 4.0;
				TARGETED_DEVICE_FAMILY = "1,2";
				TEST_HOST = "$(BUILT_PRODUCTS_DIR)/ThrowToHat.app/ThrowToHat";
			};
			name = Release;
		};
		90B42AEF211BAC7A0094E6A0 /* Debug */ = {
			isa = XCBuildConfiguration;
			buildSettings = {
				ALWAYS_EMBED_SWIFT_STANDARD_LIBRARIES = YES;
				CODE_SIGN_STYLE = Automatic;
				DEVELOPMENT_TEAM = RWVTTVMWBE;
				INFOPLIST_FILE = ThrowToHatUITests/Info.plist;
				LD_RUNPATH_SEARCH_PATHS = (
					"$(inherited)",
					"@executable_path/Frameworks",
					"@loader_path/Frameworks",
				);
				PRODUCT_BUNDLE_IDENTIFIER = com.resonance.jlee.ThrowToHatUITests;
				PRODUCT_NAME = "$(TARGET_NAME)";
				SWIFT_VERSION = 4.0;
				TARGETED_DEVICE_FAMILY = "1,2";
				TEST_TARGET_NAME = ThrowToHat;
			};
			name = Debug;
		};
		90B42AF0211BAC7A0094E6A0 /* Release */ = {
			isa = XCBuildConfiguration;
			buildSettings = {
				ALWAYS_EMBED_SWIFT_STANDARD_LIBRARIES = YES;
				CODE_SIGN_STYLE = Automatic;
				DEVELOPMENT_TEAM = RWVTTVMWBE;
				INFOPLIST_FILE = ThrowToHatUITests/Info.plist;
				LD_RUNPATH_SEARCH_PATHS = (
					"$(inherited)",
					"@executable_path/Frameworks",
					"@loader_path/Frameworks",
				);
				PRODUCT_BUNDLE_IDENTIFIER = com.resonance.jlee.ThrowToHatUITests;
				PRODUCT_NAME = "$(TARGET_NAME)";
				SWIFT_VERSION = 4.0;
				TARGETED_DEVICE_FAMILY = "1,2";
				TEST_TARGET_NAME = ThrowToHat;
			};
			name = Release;
		};
/* End XCBuildConfiguration section */

/* Begin XCConfigurationList section */
		90B42AB9211BAC780094E6A0 /* Build configuration list for PBXProject "ThrowToHat" */ = {
			isa = XCConfigurationList;
			buildConfigurations = (
				90B42AE6211BAC7A0094E6A0 /* Debug */,
				90B42AE7211BAC7A0094E6A0 /* Release */,
			);
			defaultConfigurationIsVisible = 0;
			defaultConfigurationName = Release;
		};
		90B42AE8211BAC7A0094E6A0 /* Build configuration list for PBXNativeTarget "ThrowToHat" */ = {
			isa = XCConfigurationList;
			buildConfigurations = (
				90B42AE9211BAC7A0094E6A0 /* Debug */,
				90B42AEA211BAC7A0094E6A0 /* Release */,
			);
			defaultConfigurationIsVisible = 0;
			defaultConfigurationName = Release;
		};
		90B42AEB211BAC7A0094E6A0 /* Build configuration list for PBXNativeTarget "ThrowToHatTests" */ = {
			isa = XCConfigurationList;
			buildConfigurations = (
				90B42AEC211BAC7A0094E6A0 /* Debug */,
				90B42AED211BAC7A0094E6A0 /* Release */,
			);
			defaultConfigurationIsVisible = 0;
			defaultConfigurationName = Release;
		};
		90B42AEE211BAC7A0094E6A0 /* Build configuration list for PBXNativeTarget "ThrowToHatUITests" */ = {
			isa = XCConfigurationList;
			buildConfigurations = (
				90B42AEF211BAC7A0094E6A0 /* Debug */,
				90B42AF0211BAC7A0094E6A0 /* Release */,
			);
			defaultConfigurationIsVisible = 0;
			defaultConfigurationName = Release;
		};
/* End XCConfigurationList section */
	};
	rootObject = 90B42AB6211BAC780094E6A0 /* Project object */;
}
